{
  "name": "thart",
  "version": "1.0.0",
  "lockfileVersion": 3,
  "requires": true,
  "packages": {
    "": {
      "name": "thart",
      "version": "1.0.0",
      "license": "ISC",
      "dependencies": {
        "thart": "^0.1.9"
      }
    },
    "node_modules/thart": {
      "version": "0.1.9",
      "resolved": "https://registry.npmjs.org/thart/-/thart-0.1.9.tgz",
      "integrity": "sha512-hHiWknOQYu4BKQ9xow+SATU8YAX73+6ZPFpjF1jskWB/00h25YaQMkKZO3ke/9gb2C9/EHsgcXpsdamqQJQPRg==",
      "license": "MIT"
    }
  }
}
