{
  "name": "thart",
  "version": "1.0.0",
  "lockfileVersion": 3,
  "requires": true,
  "packages": {
    "": {
      "name": "thart",
      "version": "1.0.0",
      "license": "ISC",
      "dependencies": {
        "mupdf": "^0.3.0",
        "thart": "^0.1.0"
      }
    },
    "node_modules/mupdf": {
      "version": "0.3.0",
      "resolved": "https://registry.npmjs.org/mupdf/-/mupdf-0.3.0.tgz",
      "integrity": "sha512-SnTNxFV0+5z+01yWPByxvyTDGkBalyTeVTr2FxLJlWFf/isKiI6GIYrEiv+aggU3tHXu6a9l1yyCvdA5nhPOQA==",
      "license": "AGPL-3.0-or-later"
    },
    "node_modules/thart": {
      "version": "0.1.0",
      "resolved": "https://registry.npmjs.org/thart/-/thart-0.1.0.tgz",
      "integrity": "sha512-JwovXKprqa63fptRGrECzyGD4xrdu2DBiE/0x6XYA1nnNBjpfXfu1gyLdP2aMxIm2nJVeDvbM8mNUpwWAC+B/Q=="
    }
  }
}
